Microsoft Visual Studio Solution File, Format Version 12.00
# Visual Studio Version 17
VisualStudioVersion = 17.5.2.0
MinimumVisualStudioVersion = 10.0.40219.1
Project("{FAE04EC0-301F-11D3-BF4B-00C04F79EFBC}") = "dotnet-azure-rag-api", "dotnet-azure-rag-api.csproj", "{FDD5E958-678D-1E23-5593-2F898AEA497B}"
EndProject
Global
	GlobalSection(SolutionConfigurationPlatforms) = preSolution
		Debug|Any CPU = Debug|Any CPU
		Release|Any CPU = Release|Any CPU
	EndGlobalSection
	GlobalSection(ProjectConfigurationPlatforms) = postSolution
		{FDD5E958-678D-1E23-5593-2F898AEA497B}.Debug|Any CPU.ActiveCfg = Debug|Any CPU
		{FDD5E958-678D-1E23-5593-2F898AEA497B}.Debug|Any CPU.Build.0 = Debug|Any CPU
		{FDD5E958-678D-1E23-5593-2F898AEA497B}.Release|Any CPU.ActiveCfg = Release|Any CPU
		{FDD5E958-678D-1E23-5593-2F898AEA497B}.Release|Any CPU.Build.0 = Release|Any CPU
	EndGlobalSection
	GlobalSection(SolutionProperties) = preSolution
		HideSolutionNode = FALSE
	EndGlobalSection
	GlobalSection(ExtensibilityGlobals) = postSolution
		SolutionGuid = {CC06F66B-6ED6-4BAF-A58F-CDABE0BD7C3E}
	EndGlobalSection
EndGlobal
